// !$*UTF8*$!
{
	archiveVersion = 1;
	classes = {
	};
	objectVersion = 50;
	objects = {

/* Begin PBXBuildFile section */
		2F3A6018224AA54F00EB03E1 /* MenuViewController.swift in Sources */ = {isa = PBXBuildFile; fileRef = 2F3A6017224AA54F00EB03E1 /* MenuViewController.swift */; };
		2F3A601A224AA63800EB03E1 /* FoodModel.swift in Sources */ = {isa = PBXBuildFile; fileRef = 2F3A6019224AA63800EB03E1 /* FoodModel.swift */; };
		2F8461FA22440FCC0007C70C /* AppDelegate.swift in Sources */ = {isa = PBXBuildFile; fileRef = 2F8461F922440FCC0007C70C /* AppDelegate.swift */; };
		2F8461FF22440FCC0007C70C /* Main.storyboard in Resources */ = {isa = PBXBuildFile; fileRef = 2F8461FD22440FCC0007C70C /* Main.storyboard */; };
		2F84620122440FCE0007C70C /* Assets.xcassets in Resources */ = {isa = PBXBuildFile; fileRef = 2F84620022440FCE0007C70C /* Assets.xcassets */; };
		2F84620422440FCE0007C70C /* LaunchScreen.storyboard in Resources */ = {isa = PBXBuildFile; fileRef = 2F84620222440FCE0007C70C /* LaunchScreen.storyboard */; };
		2F84620F22440FCE0007C70C /* iEatsTests.swift in Sources */ = {isa = PBXBuildFile; fileRef = 2F84620E22440FCE0007C70C /* iEatsTests.swift */; };
		2FCDA38C2257981400BCCA98 /* PurchaseDetailsViewController.swift in Sources */ = {isa = PBXBuildFile; fileRef = 2FCDA38B2257981400BCCA98 /* PurchaseDetailsViewController.swift */; };
		2FE247FC224414560005090A /* FoodDetailsViewController.swift in Sources */ = {isa = PBXBuildFile; fileRef = 2FE247FB224414560005090A /* FoodDetailsViewController.swift */; };
		2FECE7D1224A75CE0061C638 /* FoodTableViewCell.swift in Sources */ = {isa = PBXBuildFile; fileRef = 2FECE7D0224A75CE0061C638 /* FoodTableViewCell.swift */; };
/* End PBXBuildFile section */

/* Begin PBXContainerItemProxy section */
		2F84620B22440FCE0007C70C /* PBXContainerItemProxy */ = {
			isa = PBXContainerItemProxy;
			containerPortal = 2F8461EE22440FCB0007C70C /* Project object */;
			proxyType = 1;
			remoteGlobalIDString = 2F8461F522440FCB0007C70C;
			remoteInfo = iEats;
		};
/* End PBXContainerItemProxy section */

/* Begin PBXFileReference section */
		2F3A6017224AA54F00EB03E1 /* MenuViewController.swift */ = {isa = PBXFileReference; lastKnownFileType = sourcecode.swift; path = MenuViewController.swift; sourceTree = "<group>"; };
		2F3A6019224AA63800EB03E1 /* FoodModel.swift */ = {isa = PBXFileReference; lastKnownFileType = sourcecode.swift; path = FoodModel.swift; sourceTree = "<group>"; };
		2F8461F622440FCC0007C70C /* iEats.app */ = {isa = PBXFileReference; explicitFileType = wrapper.application; includeInIndex = 0; path = iEats.app; sourceTree = BUILT_PRODUCTS_DIR; };
		2F8461F922440FCC0007C70C /* AppDelegate.swift */ = {isa = PBXFileReference; lastKnownFileType = sourcecode.swift; path = AppDelegate.swift; sourceTree = "<group>"; };
		2F8461FE22440FCC0007C70C /* Base */ = {isa = PBXFileReference; lastKnownFileType = file.storyboard; name = Base; path = Base.lproj/Main.storyboard; sourceTree = "<group>"; };
		2F84620022440FCE0007C70C /* Assets.xcassets */ = {isa = PBXFileReference; lastKnownFileType = folder.assetcatalog; path = Assets.xcassets; sourceTree = "<group>"; };
		2F84620322440FCE0007C70C /* Base */ = {isa = PBXFileReference; lastKnownFileType = file.storyboard; name = Base; path = Base.lproj/LaunchScreen.storyboard; sourceTree = "<group>"; };
		2F84620522440FCE0007C70C /* Info.plist */ = {isa = PBXFileReference; lastKnownFileType = text.plist.xml; path = Info.plist; sourceTree = "<group>"; };
		2F84620A22440FCE0007C70C /* iEatsTests.xctest */ = {isa = PBXFileReference; explicitFileType = wrapper.cfbundle; includeInIndex = 0; path = iEatsTests.xctest; sourceTree = BUILT_PRODUCTS_DIR; };
		2F84620E22440FCE0007C70C /* iEatsTests.swift */ = {isa = PBXFileReference; lastKnownFileType = sourcecode.swift; path = iEatsTests.swift; sourceTree = "<group>"; };
		2F84621022440FCE0007C70C /* Info.plist */ = {isa = PBXFileReference; lastKnownFileType = text.plist.xml; path = Info.plist; sourceTree = "<group>"; };
		2FCDA38B2257981400BCCA98 /* PurchaseDetailsViewController.swift */ = {isa = PBXFileReference; lastKnownFileType = sourcecode.swift; path = PurchaseDetailsViewController.swift; sourceTree = "<group>"; };
		2FE247FB224414560005090A /* FoodDetailsViewController.swift */ = {isa = PBXFileReference; lastKnownFileType = sourcecode.swift; path = FoodDetailsViewController.swift; sourceTree = "<group>"; };
		2FECE7D0224A75CE0061C638 /* FoodTableViewCell.swift */ = {isa = PBXFileReference; lastKnownFileType = sourcecode.swift; path = FoodTableViewCell.swift; sourceTree = "<group>"; };
/* End PBXFileReference section */

/* Begin PBXFrameworksBuildPhase section */
		2F8461F322440FCB0007C70C /* Frameworks */ = {
			isa = PBXFrameworksBuildPhase;
			buildActionMask = 2147483647;
			files = (
			);
			runOnlyForDeploymentPostprocessing = 0;
		};
		2F84620722440FCE0007C70C /* Frameworks */ = {
			isa = PBXFrameworksBuildPhase;
			buildActionMask = 2147483647;
			files = (
			);
			runOnlyForDeploymentPostprocessing = 0;
		};
/* End PBXFrameworksBuildPhase section */

/* Begin PBXGroup section */
		2F3A601B224AA65700EB03E1 /* Models */ = {
			isa = PBXGroup;
			children = (
				2F3A6019224AA63800EB03E1 /* FoodModel.swift */,
			);
			path = Models;
			sourceTree = "<group>";
		};
		2F8461ED22440FCB0007C70C = {
			isa = PBXGroup;
			children = (
				2F8461F822440FCC0007C70C /* iEats */,
				2F84620D22440FCE0007C70C /* iEatsTests */,
				2F8461F722440FCC0007C70C /* Products */,
			);
			sourceTree = "<group>";
		};
		2F8461F722440FCC0007C70C /* Products */ = {
			isa = PBXGroup;
			children = (
				2F8461F622440FCC0007C70C /* iEats.app */,
				2F84620A22440FCE0007C70C /* iEatsTests.xctest */,
			);
			name = Products;
			sourceTree = "<group>";
		};
		2F8461F822440FCC0007C70C /* iEats */ = {
			isa = PBXGroup;
			children = (
				2F3A601B224AA65700EB03E1 /* Models */,
				2FECE7D2224A75E50061C638 /* MenuView */,
				2FCDA3892257971D00BCCA98 /* FoodDetails */,
				2FCDA38A225797C900BCCA98 /* PurchaseDetails */,
				2F8461F922440FCC0007C70C /* AppDelegate.swift */,
				2F8461FD22440FCC0007C70C /* Main.storyboard */,
				2F84620022440FCE0007C70C /* Assets.xcassets */,
				2F84620222440FCE0007C70C /* LaunchScreen.storyboard */,
				2F84620522440FCE0007C70C /* Info.plist */,
			);
			path = iEats;
			sourceTree = "<group>";
		};
		2F84620D22440FCE0007C70C /* iEatsTests */ = {
			isa = PBXGroup;
			children = (
				2F84620E22440FCE0007C70C /* iEatsTests.swift */,
				2F84621022440FCE0007C70C /* Info.plist */,
			);
			path = iEatsTests;
			sourceTree = "<group>";
		};
		2FCDA3892257971D00BCCA98 /* FoodDetails */ = {
			isa = PBXGroup;
			children = (
				2FE247FB224414560005090A /* FoodDetailsViewController.swift */,
			);
			path = FoodDetails;
			sourceTree = "<group>";
		};
		2FCDA38A225797C900BCCA98 /* PurchaseDetails */ = {
			isa = PBXGroup;
			children = (
				2FCDA38B2257981400BCCA98 /* PurchaseDetailsViewController.swift */,
			);
			path = PurchaseDetails;
			sourceTree = "<group>";
		};
		2FECE7D2224A75E50061C638 /* MenuView */ = {
			isa = PBXGroup;
			children = (
				2FECE7D3224A75FA0061C638 /* Cell */,
				2F3A6017224AA54F00EB03E1 /* MenuViewController.swift */,
			);
			path = MenuView;
			sourceTree = "<group>";
		};
		2FECE7D3224A75FA0061C638 /* Cell */ = {
			isa = PBXGroup;
			children = (
				2FECE7D0224A75CE0061C638 /* FoodTableViewCell.swift */,
			);
			path = Cell;
			sourceTree = "<group>";
		};
/* End PBXGroup section */

/* Begin PBXNativeTarget section */
		2F8461F522440FCB0007C70C /* iEats */ = {
			isa = PBXNativeTarget;
			buildConfigurationList = 2F84621322440FCE0007C70C /* Build configuration list for PBXNativeTarget "iEats" */;
			buildPhases = (
				2F8461F222440FCB0007C70C /* Sources */,
				2F8461F322440FCB0007C70C /* Frameworks */,
				2F8461F422440FCB0007C70C /* Resources */,
			);
			buildRules = (
			);
			dependencies = (
			);
			name = iEats;
			productName = iEats;
			productReference = 2F8461F622440FCC0007C70C /* iEats.app */;
			productType = "com.apple.product-type.application";
		};
		2F84620922440FCE0007C70C /* iEatsTests */ = {
			isa = PBXNativeTarget;
			buildConfigurationList = 2F84621622440FCE0007C70C /* Build configuration list for PBXNativeTarget "iEatsTests" */;
			buildPhases = (
				2F84620622440FCE0007C70C /* Sources */,
				2F84620722440FCE0007C70C /* Frameworks */,
				2F84620822440FCE0007C70C /* Resources */,
			);
			buildRules = (
			);
			dependencies = (
				2F84620C22440FCE0007C70C /* PBXTargetDependency */,
			);
			name = iEatsTests;
			productName = iEatsTests;
			productReference = 2F84620A22440FCE0007C70C /* iEatsTests.xctest */;
			productType = "com.apple.product-type.bundle.unit-test";
		};
/* End PBXNativeTarget section */

/* Begin PBXProject section */
		2F8461EE22440FCB0007C70C /* Project object */ = {
			isa = PBXProject;
			attributes = {
				LastSwiftUpdateCheck = 1010;
				LastUpgradeCheck = 1010;
				ORGANIZATIONNAME = "Matheus Queiroz";
				TargetAttributes = {
					2F8461F522440FCB0007C70C = {
						CreatedOnToolsVersion = 10.1;
					};
					2F84620922440FCE0007C70C = {
						CreatedOnToolsVersion = 10.1;
						TestTargetID = 2F8461F522440FCB0007C70C;
					};
				};
			};
			buildConfigurationList = 2F8461F122440FCB0007C70C /* Build configuration list for PBXProject "iEats" */;
			compatibilityVersion = "Xcode 9.3";
			developmentRegion = en;
			hasScannedForEncodings = 0;
			knownRegions = (
				en,
				Base,
			);
			mainGroup = 2F8461ED22440FCB0007C70C;
			productRefGroup = 2F8461F722440FCC0007C70C /* Products */;
			projectDirPath = "";
			projectRoot = "";
			targets = (
				2F8461F522440FCB0007C70C /* iEats */,
				2F84620922440FCE0007C70C /* iEatsTests */,
			);
		};
/* End PBXProject section */

/* Begin PBXResourcesBuildPhase section */
		2F8461F422440FCB0007C70C /* Resources */ = {
			isa = PBXResourcesBuildPhase;
			buildActionMask = 2147483647;
			files = (
				2F84620422440FCE0007C70C /* LaunchScreen.storyboard in Resources */,
				2F84620122440FCE0007C70C /* Assets.xcassets in Resources */,
				2F8461FF22440FCC0007C70C /* Main.storyboard in Resources */,
			);
			runOnlyForDeploymentPostprocessing = 0;
		};
		2F84620822440FCE0007C70C /* Resources */ = {
			isa = PBXResourcesBuildPhase;
			buildActionMask = 2147483647;
			files = (
			);
			runOnlyForDeploymentPostprocessing = 0;
		};
/* End PBXResourcesBuildPhase section */

/* Begin PBXSourcesBuildPhase section */
		2F8461F222440FCB0007C70C /* Sources */ = {
			isa = PBXSourcesBuildPhase;
			buildActionMask = 2147483647;
			files = (
				2F3A6018224AA54F00EB03E1 /* MenuViewController.swift in Sources */,
				2FECE7D1224A75CE0061C638 /* FoodTableViewCell.swift in Sources */,
				2F3A601A224AA63800EB03E1 /* FoodModel.swift in Sources */,
				2F8461FA22440FCC0007C70C /* AppDelegate.swift in Sources */,
				2FCDA38C2257981400BCCA98 /* PurchaseDetailsViewController.swift in Sources */,
				2FE247FC224414560005090A /* FoodDetailsViewController.swift in Sources */,
			);
			runOnlyForDeploymentPostprocessing = 0;
		};
		2F84620622440FCE0007C70C /* Sources */ = {
			isa = PBXSourcesBuildPhase;
			buildActionMask = 2147483647;
			files = (
				2F84620F22440FCE0007C70C /* iEatsTests.swift in Sources */,
			);
			runOnlyForDeploymentPostprocessing = 0;
		};
/* End PBXSourcesBuildPhase section */

/* Begin PBXTargetDependency section */
		2F84620C22440FCE0007C70C /* PBXTargetDependency */ = {
			isa = PBXTargetDependency;
			target = 2F8461F522440FCB0007C70C /* iEats */;
			targetProxy = 2F84620B22440FCE0007C70C /* PBXContainerItemProxy */;
		};
/* End PBXTargetDependency section */

/* Begin PBXVariantGroup section */
		2F8461FD22440FCC0007C70C /* Main.storyboard */ = {
			isa = PBXVariantGroup;
			children = (
				2F8461FE22440FCC0007C70C /* Base */,
			);
			name = Main.storyboard;
			sourceTree = "<group>";
		};
		2F84620222440FCE0007C70C /* LaunchScreen.storyboard */ = {
			isa = PBXVariantGroup;
			children = (
				2F84620322440FCE0007C70C /* Base */,
			);
			name = LaunchScreen.storyboard;
			sourceTree = "<group>";
		};
/* End PBXVariantGroup section */

/* Begin XCBuildConfiguration section */
		2F84621122440FCE0007C70C /* Debug */ = {
			isa = XCBuildConfiguration;
			buildSettings = {
				ALWAYS_SEARCH_USER_PATHS = NO;
				CLANG_ANALYZER_NONNULL = YES;
				CLANG_ANALYZER_NUMBER_OBJECT_CONVERSION = YES_AGGRESSIVE;
				CLANG_CXX_LANGUAGE_STANDARD = "gnu++14";
				CLANG_CXX_LIBRARY = "libc++";
				CLANG_ENABLE_MODULES = YES;
				CLANG_ENABLE_OBJC_ARC = YES;
				CLANG_ENABLE_OBJC_WEAK = YES;
				CLANG_WARN_BLOCK_CAPTURE_AUTORELEASING = YES;
				CLANG_WARN_BOOL_CONVERSION = YES;
				CLANG_WARN_COMMA = YES;
				CLANG_WARN_CONSTANT_CONVERSION = YES;
				CLANG_WARN_DEPRECATED_OBJC_IMPLEMENTATIONS = YES;
				CLANG_WARN_DIRECT_OBJC_ISA_USAGE = YES_ERROR;
				CLANG_WARN_DOCUMENTATION_COMMENTS = YES;
				CLANG_WARN_EMPTY_BODY = YES;
				CLANG_WARN_ENUM_CONVERSION = YES;
				CLANG_WARN_INFINITE_RECURSION = YES;
				CLANG_WARN_INT_CONVERSION = YES;
				CLANG_WARN_NON_LITERAL_NULL_CONVERSION = YES;
				CLANG_WARN_OBJC_IMPLICIT_RETAIN_SELF = YES;
				CLANG_WARN_OBJC_LITERAL_CONVERSION = YES;
				CLANG_WARN_OBJC_ROOT_CLASS = YES_ERROR;
				CLANG_WARN_RANGE_LOOP_ANALYSIS = YES;
				CLANG_WARN_STRICT_PROTOTYPES = YES;
				CLANG_WARN_SUSPICIOUS_MOVE = YES;
				CLANG_WARN_UNGUARDED_AVAILABILITY = YES_AGGRESSIVE;
				CLANG_WARN_UNREACHABLE_CODE = YES;
				CLANG_WARN__DUPLICATE_METHOD_MATCH = YES;
				CODE_SIGN_IDENTITY = "iPhone Developer";
				COPY_PHASE_STRIP = NO;
				DEBUG_INFORMATION_FORMAT = dwarf;
				ENABLE_STRICT_OBJC_MSGSEND = YES;
				ENABLE_TESTABILITY = YES;
				GCC_C_LANGUAGE_STANDARD = gnu11;
				GCC_DYNAMIC_NO_PIC = NO;
				GCC_NO_COMMON_BLOCKS = YES;
				GCC_OPTIMIZATION_LEVEL = 0;
				GCC_PREPROCESSOR_DEFINITIONS = (
					"DEBUG=1",
					"$(inherited)",
				);
				GCC_WARN_64_TO_32_BIT_CONVERSION = YES;
				GCC_WARN_ABOUT_RETURN_TYPE = YES_ERROR;
				GCC_WARN_UNDECLARED_SELECTOR = YES;
				GCC_WARN_UNINITIALIZED_AUTOS = YES_AGGRESSIVE;
				GCC_WARN_UNUSED_FUNCTION = YES;
				GCC_WARN_UNUSED_VARIABLE = YES;
				IPHONEOS_DEPLOYMENT_TARGET = 12.1;
				MTL_ENABLE_DEBUG_INFO = INCLUDE_SOURCE;
				MTL_FAST_MATH = YES;
				ONLY_ACTIVE_ARCH = YES;
				SDKROOT = iphoneos;
				SWIFT_ACTIVE_COMPILATION_CONDITIONS = DEBUG;
				SWIFT_OPTIMIZATION_LEVEL = "-Onone";
			};
			name = Debug;
		};
		2F84621222440FCE0007C70C /* Release */ = {
			isa = XCBuildConfiguration;
			buildSettings = {
				ALWAYS_SEARCH_USER_PATHS = NO;
				CLANG_ANALYZER_NONNULL = YES;
				CLANG_ANALYZER_NUMBER_OBJECT_CONVERSION = YES_AGGRESSIVE;
				CLANG_CXX_LANGUAGE_STANDARD = "gnu++14";
				CLANG_CXX_LIBRARY = "libc++";
				CLANG_ENABLE_MODULES = YES;
				CLANG_ENABLE_OBJC_ARC = YES;
				CLANG_ENABLE_OBJC_WEAK = YES;
				CLANG_WARN_BLOCK_CAPTURE_AUTORELEASING = YES;
				CLANG_WARN_BOOL_CONVERSION = YES;
				CLANG_WARN_COMMA = YES;
				CLANG_WARN_CONSTANT_CONVERSION = YES;
				CLANG_WARN_DEPRECATED_OBJC_IMPLEMENTATIONS = YES;
				CLANG_WARN_DIRECT_OBJC_ISA_USAGE = YES_ERROR;
				CLANG_WARN_DOCUMENTATION_COMMENTS = YES;
				CLANG_WARN_EMPTY_BODY = YES;
				CLANG_WARN_ENUM_CONVERSION = YES;
				CLANG_WARN_INFINITE_RECURSION = YES;
				CLANG_WARN_INT_CONVERSION = YES;
				CLANG_WARN_NON_LITERAL_NULL_CONVERSION = YES;
				CLANG_WARN_OBJC_IMPLICIT_RETAIN_SELF = YES;
				CLANG_WARN_OBJC_LITERAL_CONVERSION = YES;
				CLANG_WARN_OBJC_ROOT_CLASS = YES_ERROR;
				CLANG_WARN_RANGE_LOOP_ANALYSIS = YES;
				CLANG_WARN_STRICT_PROTOTYPES = YES;
				CLANG_WARN_SUSPICIOUS_MOVE = YES;
				CLANG_WARN_UNGUARDED_AVAILABILITY = YES_AGGRESSIVE;
				CLANG_WARN_UNREACHABLE_CODE = YES;
				CLANG_WARN__DUPLICATE_METHOD_MATCH = YES;
				CODE_SIGN_IDENTITY = "iPhone Developer";
				COPY_PHASE_STRIP = NO;
				DEBUG_INFORMATION_FORMAT = "dwarf-with-dsym";
				ENABLE_NS_ASSERTIONS = NO;
				ENABLE_STRICT_OBJC_MSGSEND = YES;
				GCC_C_LANGUAGE_STANDARD = gnu11;
				GCC_NO_COMMON_BLOCKS = YES;
				GCC_WARN_64_TO_32_BIT_CONVERSION = YES;
				GCC_WARN_ABOUT_RETURN_TYPE = YES_ERROR;
				GCC_WARN_UNDECLARED_SELECTOR = YES;
				GCC_WARN_UNINITIALIZED_AUTOS = YES_AGGRESSIVE;
				GCC_WARN_UNUSED_FUNCTION = YES;
				GCC_WARN_UNUSED_VARIABLE = YES;
				IPHONEOS_DEPLOYMENT_TARGET = 12.1;
				MTL_ENABLE_DEBUG_INFO = NO;
				MTL_FAST_MATH = YES;
				SDKROOT = iphoneos;
				SWIFT_COMPILATION_MODE = wholemodule;
				SWIFT_OPTIMIZATION_LEVEL = "-O";
				VALIDATE_PRODUCT = YES;
			};
			name = Release;
		};
		2F84621422440FCE0007C70C /* Debug */ = {
			isa = XCBuildConfiguration;
			buildSettings = {
				ASSETCATALOG_COMPILER_APPICON_NAME = AppIcon;
				CODE_SIGN_STYLE = Automatic;
				DEVELOPMENT_TEAM = S27M9ZF22P;
				INFOPLIST_FILE = iEats/Info.plist;
				LD_RUNPATH_SEARCH_PATHS = (
					"$(inherited)",
					"@executable_path/Frameworks",
				);
				PRODUCT_BUNDLE_IDENTIFIER = com.mattcbr.iEats;
				PRODUCT_NAME = "$(TARGET_NAME)";
				SWIFT_VERSION = 4.2;
				TARGETED_DEVICE_FAMILY = "1,2";
			};
			name = Debug;
		};
		2F84621522440FCE0007C70C /* Release */ = {
			isa = XCBuildConfiguration;
			buildSettings = {
				ASSETCATALOG_COMPILER_APPICON_NAME = AppIcon;
				CODE_SIGN_STYLE = Automatic;
				DEVELOPMENT_TEAM = S27M9ZF22P;
				INFOPLIST_FILE = iEats/Info.plist;
				LD_RUNPATH_SEARCH_PATHS = (
					"$(inherited)",
					"@executable_path/Frameworks",
				);
				PRODUCT_BUNDLE_IDENTIFIER = com.mattcbr.iEats;
				PRODUCT_NAME = "$(TARGET_NAME)";
				SWIFT_VERSION = 4.2;
				TARGETED_DEVICE_FAMILY = "1,2";
			};
			name = Release;
		};
		2F84621722440FCE0007C70C /* Debug */ = {
			isa = XCBuildConfiguration;
			buildSettings = {
				ALWAYS_EMBED_SWIFT_STANDARD_LIBRARIES = YES;
				BUNDLE_LOADER = "$(TEST_HOST)";
				CODE_SIGN_STYLE = Automatic;
				DEVELOPMENT_TEAM = S27M9ZF22P;
				INFOPLIST_FILE = iEatsTests/Info.plist;
				LD_RUNPATH_SEARCH_PATHS = (
					"$(inherited)",
					"@executable_path/Frameworks",
					"@loader_path/Frameworks",
				);
				PRODUCT_BUNDLE_IDENTIFIER = com.mattcbr.iEatsTests;
				PRODUCT_NAME = "$(TARGET_NAME)";
				SWIFT_VERSION = 4.2;
				TARGETED_DEVICE_FAMILY = "1,2";
				TEST_HOST = "$(BUILT_PRODUCTS_DIR)/iEats.app/iEats";
			};
			name = Debug;
		};
		2F84621822440FCE0007C70C /* Release */ = {
			isa = XCBuildConfiguration;
			buildSettings = {
				ALWAYS_EMBED_SWIFT_STANDARD_LIBRARIES = YES;
				BUNDLE_LOADER = "$(TEST_HOST)";
				CODE_SIGN_STYLE = Automatic;
				DEVELOPMENT_TEAM = S27M9ZF22P;
				INFOPLIST_FILE = iEatsTests/Info.plist;
				LD_RUNPATH_SEARCH_PATHS = (
					"$(inherited)",
					"@executable_path/Frameworks",
					"@loader_path/Frameworks",
				);
				PRODUCT_BUNDLE_IDENTIFIER = com.mattcbr.iEatsTests;
				PRODUCT_NAME = "$(TARGET_NAME)";
				SWIFT_VERSION = 4.2;
				TARGETED_DEVICE_FAMILY = "1,2";
				TEST_HOST = "$(BUILT_PRODUCTS_DIR)/iEats.app/iEats";
			};
			name = Release;
		};
/* End XCBuildConfiguration section */

/* Begin XCConfigurationList section */
		2F8461F122440FCB0007C70C /* Build configuration list for PBXProject "iEats" */ = {
			isa = XCConfigurationList;
			buildConfigurations = (
				2F84621122440FCE0007C70C /* Debug */,
				2F84621222440FCE0007C70C /* Release */,
			);
			defaultConfigurationIsVisible = 0;
			defaultConfigurationName = Release;
		};
		2F84621322440FCE0007C70C /* Build configuration list for PBXNativeTarget "iEats" */ = {
			isa = XCConfigurationList;
			buildConfigurations = (
				2F84621422440FCE0007C70C /* Debug */,
				2F84621522440FCE0007C70C /* Release */,
			);
			defaultConfigurationIsVisible = 0;
			defaultConfigurationName = Release;
		};
		2F84621622440FCE0007C70C /* Build configuration list for PBXNativeTarget "iEatsTests" */ = {
			isa = XCConfigurationList;
			buildConfigurations = (
				2F84621722440FCE0007C70C /* Debug */,
				2F84621822440FCE0007C70C /* Release */,
			);
			defaultConfigurationIsVisible = 0;
			defaultConfigurationName = Release;
		};
/* End XCConfigurationList section */
	};
	rootObject = 2F8461EE22440FCB0007C70C /* Project object */;
}
